<Solution>
  <Project Path="../../Net10.MCG.CommonLib/MCG.CommonLib.CreoInteractionTools/MCG.CommonLib.CreoInteractionTools.csproj" />
  <Project Path="../../Net10.MCG.CommonLib/MCG.CommonLib.DataBaseAccess/MCG.CommonLib.DataBaseAccess.csproj" />
  <Project Path="../../Net10.MCG.CommonLib/MCG.CommonLib.Resources/MCG.CommonLib.Resources.csproj" />
  <Project Path="../../Net10.MCG.CommonLib/MCG.CommonLib.SapTools/MCG.CommonLib.SapTools.csproj" />
  <Project Path="../../Net10.MCG.CommonLib/MCG.CommonLib.Webterm/MCG.CommonLib.Webterm.csproj" />
  <Project Path="../../Net10.MCG.CommonLib/MCG.CommonLib.WpfComponent/MCG.CommonLib.WpfComponent.csproj" />
  <Project Path="../../Net10.MCG.CommonLib/MCG.CommonLib/MCG.CommonLib.csproj" />
  <Project Path="../../Net10.MCG.CommonLib/MCG.Converters/MCG.Converters.csproj" />
  <Project Path="../../Net10.MCG.CommonLib/MCG.WindchillRequestTool/MCG.WindchillRequestTool.csproj" />
  <Project Path="../MCG.CREO_Tools.CutLengthApp/MCG.CREO_Tools.CutLengthApp.csproj" />
  <Project Path="../MCG.CREO_Tools.DxfExport/MCG.CREO_Tools.DxfExport.csproj" />
  <Project Path="../MCG.CREO_Tools.JpgExport/MCG.CREO_Tools.JpgExport.csproj" />
  <Project Path="../MCG.CREO_Tools.MassUpdateAttribute/MCG.CREO_Tools.MassUpdateAttribute.csproj" />
  <Project Path="../MCG.CREO_Tools.MiscTools/MCG.CREO_Tools.MiscTools.csproj" />
  <Project Path="../MCG.CREO_Tools.ProfileApp/MCG.CREO_Tools.ProfileApp.csproj" />
  <Project Path="../MCG.CREO_Tools.QuickLaunch/MCG.CREO_Tools.QuickLaunch.csproj" Id="b55c21de-9523-4614-9d00-1a663e0e461c" />
  <Project Path="../MCG.CREO_Tools.QuickSearch/MCG.CREO_Tools.QuickSearch.csproj" />
  <Project Path="../MCG.CREO_Tools.ShearedTube/MCG.CREO_Tools.ShearedTube.csproj" />
  <Project Path="../MCG.Tools.EcnDataCheck/MCG.Tools.EcnDataCheck.csproj" />
  <Project Path="../MCG.Tools.EcnEcoFollowUp/MCG.Tools.EcnEcoFollowUp.csproj" />
  <Project Path="../MCG.Tools.NumberingTool/MCG.Tools.NumberingTool.csproj" />
  <Project Path="../MCG.Tools.PurchaseOrderFollowUp/MCG.Tools.PurchaseOrderFollowUp.csproj" />
  <Project Path="../MCG.Tools.VisualizationLib/MCG.Tools.VisualizationLib.csproj" />
  <Project Path="../MCG.WindchillTools.ManageWTObject/MCG.WindchillTools.ManageWTObject.csproj" />
  <Project Path="MCG.Tools.CREOToolsFluentInterface.csproj" />
</Solution>
